# This file is automatically @generated by Cargo.
# It is not intended for manual editing.
version = 3

[[package]]
name = "bitfrob"
version = "1.3.2"
source = "registry+https://github.com/rust-lang/crates.io-index"
checksum = "4de3bf9292416bc27b97603d1af580e4253138851ce3898f878807b898e90d2d"

[[package]]
name = "bracer"
version = "0.3.1"
source = "registry+https://github.com/rust-lang/crates.io-index"
checksum = "00248d542917c4ef013367c0907300e9befbbc1f99b12938c9e5a356ab50582d"

[[package]]
name = "bytemuck"
version = "1.18.0"
source = "registry+https://github.com/rust-lang/crates.io-index"
checksum = "94bbb0ad554ad961ddc5da507a12a29b14e4ae5bda06b19f575a3e6079d2e2ae"

[[package]]
name = "gba"
version = "0.13.0"
source = "registry+https://github.com/rust-lang/crates.io-index"
checksum = "d33cc75458514bd337988c0948ecf4abc0da634e30229f27b8216d5fb07476ed"
dependencies = [
 "bitfrob",
 "bracer",
 "bytemuck",
 "voladdress",
]

[[package]]
name = "gba-test"
version = "0.1.0"
dependencies = [
 "gba",
]

[[package]]
name = "voladdress"
version = "1.4.0"
source = "registry+https://github.com/rust-lang/crates.io-index"
checksum = "75f4a9a7c7e717541992e2405d44d12fb019db4117ec9fcca84b784060b27084"
